// !$*UTF8*$!
{
	archiveVersion = 1;
	classes = {
	};
	objectVersion = 48;
	objects = {

/* Begin PBXBuildFile section */
		76F927121F034834003B8CFF /* AppDelegate.m in Sources */ = {isa = PBXBuildFile; fileRef = 76F927111F034834003B8CFF /* AppDelegate.m */; };
		76F927151F034834003B8CFF /* ViewController.m in Sources */ = {isa = PBXBuildFile; fileRef = 76F927141F034834003B8CFF /* ViewController.m */; };
		76F927181F034834003B8CFF /* Main.storyboard in Resources */ = {isa = PBXBuildFile; fileRef = 76F927161F034834003B8CFF /* Main.storyboard */; };
		76F9271A1F034834003B8CFF /* Assets.xcassets in Resources */ = {isa = PBXBuildFile; fileRef = 76F927191F034834003B8CFF /* Assets.xcassets */; };
		76F9271D1F034834003B8CFF /* LaunchScreen.storyboard in Resources */ = {isa = PBXBuildFile; fileRef = 76F9271B1F034834003B8CFF /* LaunchScreen.storyboard */; };
		76F927201F034834003B8CFF /* main.m in Sources */ = {isa = PBXBuildFile; fileRef = 76F9271F1F034834003B8CFF /* main.m */; };
		76F9272A1F034834003B8CFF /* SDWebImage4_0Tests.m in Sources */ = {isa = PBXBuildFile; fileRef = 76F927291F034834003B8CFF /* SDWebImage4_0Tests.m */; };
		76F927351F034834003B8CFF /* SDWebImage4_0UITests.m in Sources */ = {isa = PBXBuildFile; fileRef = 76F927341F034834003B8CFF /* SDWebImage4_0UITests.m */; };
/* End PBXBuildFile section */

/* Begin PBXContainerItemProxy section */
		76F927261F034834003B8CFF /* PBXContainerItemProxy */ = {
			isa = PBXContainerItemProxy;
			containerPortal = 76F927051F034834003B8CFF /* Project object */;
			proxyType = 1;
			remoteGlobalIDString = 76F9270C1F034834003B8CFF;
			remoteInfo = SDWebImage4.0;
		};
		76F927311F034834003B8CFF /* PBXContainerItemProxy */ = {
			isa = PBXContainerItemProxy;
			containerPortal = 76F927051F034834003B8CFF /* Project object */;
			proxyType = 1;
			remoteGlobalIDString = 76F9270C1F034834003B8CFF;
			remoteInfo = SDWebImage4.0;
		};
/* End PBXContainerItemProxy section */

/* Begin PBXFileReference section */
		76F9270D1F034834003B8CFF /* SDWebImage4.0.app */ = {isa = PBXFileReference; explicitFileType = wrapper.application; includeInIndex = 0; path = SDWebImage4.0.app; sourceTree = BUILT_PRODUCTS_DIR; };
		76F927101F034834003B8CFF /* AppDelegate.h */ = {isa = PBXFileReference; lastKnownFileType = sourcecode.c.h; path = AppDelegate.h; sourceTree = "<group>"; };
		76F927111F034834003B8CFF /* AppDelegate.m */ = {isa = PBXFileReference; lastKnownFileType = sourcecode.c.objc; path = AppDelegate.m; sourceTree = "<group>"; };
		76F927131F034834003B8CFF /* ViewController.h */ = {isa = PBXFileReference; lastKnownFileType = sourcecode.c.h; path = ViewController.h; sourceTree = "<group>"; };
		76F927141F034834003B8CFF /* ViewController.m */ = {isa = PBXFileReference; lastKnownFileType = sourcecode.c.objc; path = ViewController.m; sourceTree = "<group>"; };
		76F927171F034834003B8CFF /* Base */ = {isa = PBXFileReference; lastKnownFileType = file.storyboard; name = Base; path = Base.lproj/Main.storyboard; sourceTree = "<group>"; };
		76F927191F034834003B8CFF /* Assets.xcassets */ = {isa = PBXFileReference; lastKnownFileType = folder.assetcatalog; path = Assets.xcassets; sourceTree = "<group>"; };
		76F9271C1F034834003B8CFF /* Base */ = {isa = PBXFileReference; lastKnownFileType = file.storyboard; name = Base; path = Base.lproj/LaunchScreen.storyboard; sourceTree = "<group>"; };
		76F9271E1F034834003B8CFF /* Info.plist */ = {isa = PBXFileReference; lastKnownFileType = text.plist.xml; path = Info.plist; sourceTree = "<group>"; };
		76F9271F1F034834003B8CFF /* main.m */ = {isa = PBXFileReference; lastKnownFileType = sourcecode.c.objc; path = main.m; sourceTree = "<group>"; };
		76F927251F034834003B8CFF /* SDWebImage4.0Tests.xctest */ = {isa = PBXFileReference; explicitFileType = wrapper.cfbundle; includeInIndex = 0; path = SDWebImage4.0Tests.xctest; sourceTree = BUILT_PRODUCTS_DIR; };
		76F927291F034834003B8CFF /* SDWebImage4_0Tests.m */ = {isa = PBXFileReference; lastKnownFileType = sourcecode.c.objc; path = SDWebImage4_0Tests.m; sourceTree = "<group>"; };
		76F9272B1F034834003B8CFF /* Info.plist */ = {isa = PBXFileReference; lastKnownFileType = text.plist.xml; path = Info.plist; sourceTree = "<group>"; };
		76F927301F034834003B8CFF /* SDWebImage4.0UITests.xctest */ = {isa = PBXFileReference; explicitFileType = wrapper.cfbundle; includeInIndex = 0; path = SDWebImage4.0UITests.xctest; sourceTree = BUILT_PRODUCTS_DIR; };
		76F927341F034834003B8CFF /* SDWebImage4_0UITests.m */ = {isa = PBXFileReference; lastKnownFileType = sourcecode.c.objc; path = SDWebImage4_0UITests.m; sourceTree = "<group>"; };
		76F927361F034834003B8CFF /* Info.plist */ = {isa = PBXFileReference; lastKnownFileType = text.plist.xml; path = Info.plist; sourceTree = "<group>"; };
		76F927431F034884003B8CFF /* SDImageCache.h */ = {isa = PBXFileReference; lastKnownFileType = sourcecode.c.h; path = SDImageCache.h; sourceTree = "<group>"; };
		76F927441F034884003B8CFF /* SDImageCache.m */ = {isa = PBXFileReference; lastKnownFileType = sourcecode.c.objc; path = SDImageCache.m; sourceTree = "<group>"; };
		76F927451F034884003B8CFF /* SDImageCacheConfig.h */ = {isa = PBXFileReference; lastKnownFileType = sourcecode.c.h; path = SDImageCacheConfig.h; sourceTree = "<group>"; };
		76F927461F034884003B8CFF /* SDImageCacheConfig.m */ = {isa = PBXFileReference; lastKnownFileType = sourcecode.c.objc; path = SDImageCacheConfig.m; sourceTree = "<group>"; };
		76F927481F034884003B8CFF /* NSData+ImageContentType.h */ = {isa = PBXFileReference; lastKnownFileType = sourcecode.c.h; path = "NSData+ImageContentType.h"; sourceTree = "<group>"; };
		76F927491F034884003B8CFF /* NSData+ImageContentType.m */ = {isa = PBXFileReference; lastKnownFileType = sourcecode.c.objc; path = "NSData+ImageContentType.m"; sourceTree = "<group>"; };
		76F9274A1F034884003B8CFF /* NSImage+WebCache.h */ = {isa = PBXFileReference; lastKnownFileType = sourcecode.c.h; path = "NSImage+WebCache.h"; sourceTree = "<group>"; };
		76F9274B1F034884003B8CFF /* NSImage+WebCache.m */ = {isa = PBXFileReference; lastKnownFileType = sourcecode.c.objc; path = "NSImage+WebCache.m"; sourceTree = "<group>"; };
		76F9274C1F034884003B8CFF /* SDWebImageDecoder.h */ = {isa = PBXFileReference; lastKnownFileType = sourcecode.c.h; path = SDWebImageDecoder.h; sourceTree = "<group>"; };
		76F9274D1F034884003B8CFF /* SDWebImageDecoder.m */ = {isa = PBXFileReference; lastKnownFileType = sourcecode.c.objc; path = SDWebImageDecoder.m; sourceTree = "<group>"; };
		76F9274E1F034884003B8CFF /* UIImage+GIF.h */ = {isa = PBXFileReference; lastKnownFileType = sourcecode.c.h; path = "UIImage+GIF.h"; sourceTree = "<group>"; };
		76F9274F1F034884003B8CFF /* UIImage+GIF.m */ = {isa = PBXFileReference; lastKnownFileType = sourcecode.c.objc; path = "UIImage+GIF.m"; sourceTree = "<group>"; };
		76F927501F034884003B8CFF /* UIImage+MultiFormat.h */ = {isa = PBXFileReference; lastKnownFileType = sourcecode.c.h; path = "UIImage+MultiFormat.h"; sourceTree = "<group>"; };
		76F927511F034884003B8CFF /* UIImage+MultiFormat.m */ = {isa = PBXFileReference; lastKnownFileType = sourcecode.c.objc; path = "UIImage+MultiFormat.m"; sourceTree = "<group>"; };
		76F927531F034884003B8CFF /* SDWebImageManager.h */ = {isa = PBXFileReference; lastKnownFileType = sourcecode.c.h; path = SDWebImageManager.h; sourceTree = "<group>"; };
		76F927541F034884003B8CFF /* SDWebImageManager.m */ = {isa = PBXFileReference; lastKnownFileType = sourcecode.c.objc; path = SDWebImageManager.m; sourceTree = "<group>"; };
		76F927551F034884003B8CFF /* SDWebImagePrefetcher.h */ = {isa = PBXFileReference; lastKnownFileType = sourcecode.c.h; path = SDWebImagePrefetcher.h; sourceTree = "<group>"; };
		76F927561F034884003B8CFF /* SDWebImagePrefetcher.m */ = {isa = PBXFileReference; lastKnownFileType = sourcecode.c.objc; path = SDWebImagePrefetcher.m; sourceTree = "<group>"; };
		76F927581F034884003B8CFF /* SDWebImageDownloader.h */ = {isa = PBXFileReference; lastKnownFileType = sourcecode.c.h; path = SDWebImageDownloader.h; sourceTree = "<group>"; };
		76F927591F034884003B8CFF /* SDWebImageDownloader.m */ = {isa = PBXFileReference; lastKnownFileType = sourcecode.c.objc; path = SDWebImageDownloader.m; sourceTree = "<group>"; };
		76F9275A1F034884003B8CFF /* SDWebImageDownloaderOperation.h */ = {isa = PBXFileReference; lastKnownFileType = sourcecode.c.h; path = SDWebImageDownloaderOperation.h; sourceTree = "<group>"; };
		76F9275B1F034884003B8CFF /* SDWebImageDownloaderOperation.m */ = {isa = PBXFileReference; lastKnownFileType = sourcecode.c.objc; path = SDWebImageDownloaderOperation.m; sourceTree = "<group>"; };
		76F9275C1F034884003B8CFF /* SDWebImageOperation.h */ = {isa = PBXFileReference; lastKnownFileType = sourcecode.c.h; path = SDWebImageOperation.h; sourceTree = "<group>"; };
		76F9275E1F034884003B8CFF /* UIButton+WebCache.h */ = {isa = PBXFileReference; lastKnownFileType = sourcecode.c.h; path = "UIButton+WebCache.h"; sourceTree = "<group>"; };
		76F9275F1F034884003B8CFF /* UIButton+WebCache.m */ = {isa = PBXFileReference; lastKnownFileType = sourcecode.c.objc; path = "UIButton+WebCache.m"; sourceTree = "<group>"; };
		76F927601F034884003B8CFF /* UIImageView+HighlightedWebCache.h */ = {isa = PBXFileReference; lastKnownFileType = sourcecode.c.h; path = "UIImageView+HighlightedWebCache.h"; sourceTree = "<group>"; };
		76F927611F034884003B8CFF /* UIImageView+HighlightedWebCache.m */ = {isa = PBXFileReference; lastKnownFileType = sourcecode.c.objc; path = "UIImageView+HighlightedWebCache.m"; sourceTree = "<group>"; };
		76F927621F034884003B8CFF /* UIImageView+WebCache.h */ = {isa = PBXFileReference; lastKnownFileType = sourcecode.c.h; path = "UIImageView+WebCache.h"; sourceTree = "<group>"; };
		76F927631F034885003B8CFF /* UIImageView+WebCache.m */ = {isa = PBXFileReference; lastKnownFileType = sourcecode.c.objc; path = "UIImageView+WebCache.m"; sourceTree = "<group>"; };
		76F927641F034885003B8CFF /* UIView+WebCache.h */ = {isa = PBXFileReference; lastKnownFileType = sourcecode.c.h; path = "UIView+WebCache.h"; sourceTree = "<group>"; };
		76F927651F034885003B8CFF /* UIView+WebCache.m */ = {isa = PBXFileReference; lastKnownFileType = sourcecode.c.objc; path = "UIView+WebCache.m"; sourceTree = "<group>"; };
		76F927661F034885003B8CFF /* UIView+WebCacheOperation.h */ = {isa = PBXFileReference; lastKnownFileType = sourcecode.c.h; path = "UIView+WebCacheOperation.h"; sourceTree = "<group>"; };
		76F927671F034885003B8CFF /* UIView+WebCacheOperation.m */ = {isa = PBXFileReference; lastKnownFileType = sourcecode.c.objc; path = "UIView+WebCacheOperation.m"; sourceTree = "<group>"; };
		76F927691F034885003B8CFF /* SDWebImageCompat.h */ = {isa = PBXFileReference; lastKnownFileType = sourcecode.c.h; path = SDWebImageCompat.h; sourceTree = "<group>"; };
		76F9276A1F034885003B8CFF /* SDWebImageCompat.m */ = {isa = PBXFileReference; lastKnownFileType = sourcecode.c.objc; path = SDWebImageCompat.m; sourceTree = "<group>"; };
		76F927711F034937003B8CFF /* FLAnimatedImageView+WebCache.h */ = {isa = PBXFileReference; lastKnownFileType = sourcecode.c.h; path = "FLAnimatedImageView+WebCache.h"; sourceTree = "<group>"; };
		76F927721F034937003B8CFF /* FLAnimatedImageView+WebCache.m */ = {isa = PBXFileReference; lastKnownFileType = sourcecode.c.objc; path = "FLAnimatedImageView+WebCache.m"; sourceTree = "<group>"; };
		76F927731F034937003B8CFF /* MKAnnotationView+WebCache.m */ = {isa = PBXFileReference; lastKnownFileType = sourcecode.c.objc; path = "MKAnnotationView+WebCache.m"; sourceTree = "<group>"; };
		76F927741F034937003B8CFF /* MKAnnotationView+WebCache.h */ = {isa = PBXFileReference; lastKnownFileType = sourcecode.c.h; path = "MKAnnotationView+WebCache.h"; sourceTree = "<group>"; };
/* End PBXFileReference section */

/* Begin PBXFrameworksBuildPhase section */
		76F9270A1F034834003B8CFF /* Frameworks */ = {
			isa = PBXFrameworksBuildPhase;
			buildActionMask = 2147483647;
			files = (
			);
			runOnlyForDeploymentPostprocessing = 0;
		};
		76F927221F034834003B8CFF /* Frameworks */ = {
			isa = PBXFrameworksBuildPhase;
			buildActionMask = 2147483647;
			files = (
			);
			runOnlyForDeploymentPostprocessing = 0;
		};
		76F9272D1F034834003B8CFF /* Frameworks */ = {
			isa = PBXFrameworksBuildPhase;
			buildActionMask = 2147483647;
			files = (
			);
			runOnlyForDeploymentPostprocessing = 0;
		};
/* End PBXFrameworksBuildPhase section */

/* Begin PBXGroup section */
		76F927041F034834003B8CFF = {
			isa = PBXGroup;
			children = (
				76F9270F1F034834003B8CFF /* SDWebImage4.0 */,
				76F927281F034834003B8CFF /* SDWebImage4.0Tests */,
				76F927331F034834003B8CFF /* SDWebImage4.0UITests */,
				76F9270E1F034834003B8CFF /* Products */,
			);
			sourceTree = "<group>";
		};
		76F9270E1F034834003B8CFF /* Products */ = {
			isa = PBXGroup;
			children = (
				76F9270D1F034834003B8CFF /* SDWebImage4.0.app */,
				76F927251F034834003B8CFF /* SDWebImage4.0Tests.xctest */,
				76F927301F034834003B8CFF /* SDWebImage4.0UITests.xctest */,
			);
			name = Products;
			sourceTree = "<group>";
		};
		76F9270F1F034834003B8CFF /* SDWebImage4.0 */ = {
			isa = PBXGroup;
			children = (
				76F927421F034884003B8CFF /* Cache */,
				76F9275D1F034884003B8CFF /* Category */,
				76F927521F034884003B8CFF /* Core */,
				76F927471F034884003B8CFF /* Decode */,
				76F927681F034885003B8CFF /* Define */,
				76F927571F034884003B8CFF /* DownLoad */,
				76F927101F034834003B8CFF /* AppDelegate.h */,
				76F927111F034834003B8CFF /* AppDelegate.m */,
				76F927131F034834003B8CFF /* ViewController.h */,
				76F927141F034834003B8CFF /* ViewController.m */,
				76F927161F034834003B8CFF /* Main.storyboard */,
				76F927191F034834003B8CFF /* Assets.xcassets */,
				76F9271B1F034834003B8CFF /* LaunchScreen.storyboard */,
				76F9271E1F034834003B8CFF /* Info.plist */,
				76F9271F1F034834003B8CFF /* main.m */,
			);
			path = SDWebImage4.0;
			sourceTree = "<group>";
		};
		76F927281F034834003B8CFF /* SDWebImage4.0Tests */ = {
			isa = PBXGroup;
			children = (
				76F927291F034834003B8CFF /* SDWebImage4_0Tests.m */,
				76F9272B1F034834003B8CFF /* Info.plist */,
			);
			path = SDWebImage4.0Tests;
			sourceTree = "<group>";
		};
		76F927331F034834003B8CFF /* SDWebImage4.0UITests */ = {
			isa = PBXGroup;
			children = (
				76F927341F034834003B8CFF /* SDWebImage4_0UITests.m */,
				76F927361F034834003B8CFF /* Info.plist */,
			);
			path = SDWebImage4.0UITests;
			sourceTree = "<group>";
		};
		76F927421F034884003B8CFF /* Cache */ = {
			isa = PBXGroup;
			children = (
				76F927431F034884003B8CFF /* SDImageCache.h */,
				76F927441F034884003B8CFF /* SDImageCache.m */,
				76F927451F034884003B8CFF /* SDImageCacheConfig.h */,
				76F927461F034884003B8CFF /* SDImageCacheConfig.m */,
			);
			path = Cache;
			sourceTree = "<group>";
		};
		76F927471F034884003B8CFF /* Decode */ = {
			isa = PBXGroup;
			children = (
				76F927481F034884003B8CFF /* NSData+ImageContentType.h */,
				76F927491F034884003B8CFF /* NSData+ImageContentType.m */,
				76F9274A1F034884003B8CFF /* NSImage+WebCache.h */,
				76F9274B1F034884003B8CFF /* NSImage+WebCache.m */,
				76F9274C1F034884003B8CFF /* SDWebImageDecoder.h */,
				76F9274D1F034884003B8CFF /* SDWebImageDecoder.m */,
				76F9274E1F034884003B8CFF /* UIImage+GIF.h */,
				76F9274F1F034884003B8CFF /* UIImage+GIF.m */,
				76F927501F034884003B8CFF /* UIImage+MultiFormat.h */,
				76F927511F034884003B8CFF /* UIImage+MultiFormat.m */,
			);
			path = Decode;
			sourceTree = "<group>";
		};
		76F927521F034884003B8CFF /* Core */ = {
			isa = PBXGroup;
			children = (
				76F927531F034884003B8CFF /* SDWebImageManager.h */,
				76F927541F034884003B8CFF /* SDWebImageManager.m */,
				76F927551F034884003B8CFF /* SDWebImagePrefetcher.h */,
				76F927561F034884003B8CFF /* SDWebImagePrefetcher.m */,
			);
			path = Core;
			sourceTree = "<group>";
		};
		76F927571F034884003B8CFF /* DownLoad */ = {
			isa = PBXGroup;
			children = (
				76F927581F034884003B8CFF /* SDWebImageDownloader.h */,
				76F927591F034884003B8CFF /* SDWebImageDownloader.m */,
				76F9275A1F034884003B8CFF /* SDWebImageDownloaderOperation.h */,
				76F9275B1F034884003B8CFF /* SDWebImageDownloaderOperation.m */,
				76F9275C1F034884003B8CFF /* SDWebImageOperation.h */,
			);
			path = DownLoad;
			sourceTree = "<group>";
		};
		76F9275D1F034884003B8CFF /* Category */ = {
			isa = PBXGroup;
			children = (
				76F927701F034937003B8CFF /* FLAnimatedImage */,
				76F927741F034937003B8CFF /* MKAnnotationView+WebCache.h */,
				76F927731F034937003B8CFF /* MKAnnotationView+WebCache.m */,
				76F9275E1F034884003B8CFF /* UIButton+WebCache.h */,
				76F9275F1F034884003B8CFF /* UIButton+WebCache.m */,
				76F927601F034884003B8CFF /* UIImageView+HighlightedWebCache.h */,
				76F927611F034884003B8CFF /* UIImageView+HighlightedWebCache.m */,
				76F927621F034884003B8CFF /* UIImageView+WebCache.h */,
				76F927631F034885003B8CFF /* UIImageView+WebCache.m */,
				76F927641F034885003B8CFF /* UIView+WebCache.h */,
				76F927651F034885003B8CFF /* UIView+WebCache.m */,
				76F927661F034885003B8CFF /* UIView+WebCacheOperation.h */,
				76F927671F034885003B8CFF /* UIView+WebCacheOperation.m */,
			);
			path = Category;
			sourceTree = "<group>";
		};
		76F927681F034885003B8CFF /* Define */ = {
			isa = PBXGroup;
			children = (
				76F927691F034885003B8CFF /* SDWebImageCompat.h */,
				76F9276A1F034885003B8CFF /* SDWebImageCompat.m */,
			);
			path = Define;
			sourceTree = "<group>";
		};
		76F927701F034937003B8CFF /* FLAnimatedImage */ = {
			isa = PBXGroup;
			children = (
				76F927711F034937003B8CFF /* FLAnimatedImageView+WebCache.h */,
				76F927721F034937003B8CFF /* FLAnimatedImageView+WebCache.m */,
			);
			path = FLAnimatedImage;
			sourceTree = "<group>";
		};
/* End PBXGroup section */

/* Begin PBXNativeTarget section */
		76F9270C1F034834003B8CFF /* SDWebImage4.0 */ = {
			isa = PBXNativeTarget;
			buildConfigurationList = 76F927391F034834003B8CFF /* Build configuration list for PBXNativeTarget "SDWebImage4.0" */;
			buildPhases = (
				76F927091F034834003B8CFF /* Sources */,
				76F9270A1F034834003B8CFF /* Frameworks */,
				76F9270B1F034834003B8CFF /* Resources */,
			);
			buildRules = (
			);
			dependencies = (
			);
			name = SDWebImage4.0;
			productName = SDWebImage4.0;
			productReference = 76F9270D1F034834003B8CFF /* SDWebImage4.0.app */;
			productType = "com.apple.product-type.application";
		};
		76F927241F034834003B8CFF /* SDWebImage4.0Tests */ = {
			isa = PBXNativeTarget;
			buildConfigurationList = 76F9273C1F034834003B8CFF /* Build configuration list for PBXNativeTarget "SDWebImage4.0Tests" */;
			buildPhases = (
				76F927211F034834003B8CFF /* Sources */,
				76F927221F034834003B8CFF /* Frameworks */,
				76F927231F034834003B8CFF /* Resources */,
			);
			buildRules = (
			);
			dependencies = (
				76F927271F034834003B8CFF /* PBXTargetDependency */,
			);
			name = SDWebImage4.0Tests;
			productName = SDWebImage4.0Tests;
			productReference = 76F927251F034834003B8CFF /* SDWebImage4.0Tests.xctest */;
			productType = "com.apple.product-type.bundle.unit-test";
		};
		76F9272F1F034834003B8CFF /* SDWebImage4.0UITests */ = {
			isa = PBXNativeTarget;
			buildConfigurationList = 76F9273F1F034834003B8CFF /* Build configuration list for PBXNativeTarget "SDWebImage4.0UITests" */;
			buildPhases = (
				76F9272C1F034834003B8CFF /* Sources */,
				76F9272D1F034834003B8CFF /* Frameworks */,
				76F9272E1F034834003B8CFF /* Resources */,
			);
			buildRules = (
			);
			dependencies = (
				76F927321F034834003B8CFF /* PBXTargetDependency */,
			);
			name = SDWebImage4.0UITests;
			productName = SDWebImage4.0UITests;
			productReference = 76F927301F034834003B8CFF /* SDWebImage4.0UITests.xctest */;
			productType = "com.apple.product-type.bundle.ui-testing";
		};
/* End PBXNativeTarget section */

/* Begin PBXProject section */
		76F927051F034834003B8CFF /* Project object */ = {
			isa = PBXProject;
			attributes = {
				LastUpgradeCheck = 0900;
				ORGANIZATIONNAME = Rhino;
				TargetAttributes = {
					76F9270C1F034834003B8CFF = {
						CreatedOnToolsVersion = 9.0;
					};
					76F927241F034834003B8CFF = {
						CreatedOnToolsVersion = 9.0;
						TestTargetID = 76F9270C1F034834003B8CFF;
					};
					76F9272F1F034834003B8CFF = {
						CreatedOnToolsVersion = 9.0;
						TestTargetID = 76F9270C1F034834003B8CFF;
					};
				};
			};
			buildConfigurationList = 76F927081F034834003B8CFF /* Build configuration list for PBXProject "SDWebImage4.0" */;
			compatibilityVersion = "Xcode 8.0";
			developmentRegion = en;
			hasScannedForEncodings = 0;
			knownRegions = (
				en,
				Base,
			);
			mainGroup = 76F927041F034834003B8CFF;
			productRefGroup = 76F9270E1F034834003B8CFF /* Products */;
			projectDirPath = "";
			projectRoot = "";
			targets = (
				76F9270C1F034834003B8CFF /* SDWebImage4.0 */,
				76F927241F034834003B8CFF /* SDWebImage4.0Tests */,
				76F9272F1F034834003B8CFF /* SDWebImage4.0UITests */,
			);
		};
/* End PBXProject section */

/* Begin PBXResourcesBuildPhase section */
		76F9270B1F034834003B8CFF /* Resources */ = {
			isa = PBXResourcesBuildPhase;
			buildActionMask = 2147483647;
			files = (
				76F9271D1F034834003B8CFF /* LaunchScreen.storyboard in Resources */,
				76F9271A1F034834003B8CFF /* Assets.xcassets in Resources */,
				76F927181F034834003B8CFF /* Main.storyboard in Resources */,
			);
			runOnlyForDeploymentPostprocessing = 0;
		};
		76F927231F034834003B8CFF /* Resources */ = {
			isa = PBXResourcesBuildPhase;
			buildActionMask = 2147483647;
			files = (
			);
			runOnlyForDeploymentPostprocessing = 0;
		};
		76F9272E1F034834003B8CFF /* Resources */ = {
			isa = PBXResourcesBuildPhase;
			buildActionMask = 2147483647;
			files = (
			);
			runOnlyForDeploymentPostprocessing = 0;
		};
/* End PBXResourcesBuildPhase section */

/* Begin PBXSourcesBuildPhase section */
		76F927091F034834003B8CFF /* Sources */ = {
			isa = PBXSourcesBuildPhase;
			buildActionMask = 2147483647;
			files = (
				76F927151F034834003B8CFF /* ViewController.m in Sources */,
				76F927201F034834003B8CFF /* main.m in Sources */,
				76F927121F034834003B8CFF /* AppDelegate.m in Sources */,
			);
			runOnlyForDeploymentPostprocessing = 0;
		};
		76F927211F034834003B8CFF /* Sources */ = {
			isa = PBXSourcesBuildPhase;
			buildActionMask = 2147483647;
			files = (
				76F9272A1F034834003B8CFF /* SDWebImage4_0Tests.m in Sources */,
			);
			runOnlyForDeploymentPostprocessing = 0;
		};
		76F9272C1F034834003B8CFF /* Sources */ = {
			isa = PBXSourcesBuildPhase;
			buildActionMask = 2147483647;
			files = (
				76F927351F034834003B8CFF /* SDWebImage4_0UITests.m in Sources */,
			);
			runOnlyForDeploymentPostprocessing = 0;
		};
/* End PBXSourcesBuildPhase section */

/* Begin PBXTargetDependency section */
		76F927271F034834003B8CFF /* PBXTargetDependency */ = {
			isa = PBXTargetDependency;
			target = 76F9270C1F034834003B8CFF /* SDWebImage4.0 */;
			targetProxy = 76F927261F034834003B8CFF /* PBXContainerItemProxy */;
		};
		76F927321F034834003B8CFF /* PBXTargetDependency */ = {
			isa = PBXTargetDependency;
			target = 76F9270C1F034834003B8CFF /* SDWebImage4.0 */;
			targetProxy = 76F927311F034834003B8CFF /* PBXContainerItemProxy */;
		};
/* End PBXTargetDependency section */

/* Begin PBXVariantGroup section */
		76F927161F034834003B8CFF /* Main.storyboard */ = {
			isa = PBXVariantGroup;
			children = (
				76F927171F034834003B8CFF /* Base */,
			);
			name = Main.storyboard;
			sourceTree = "<group>";
		};
		76F9271B1F034834003B8CFF /* LaunchScreen.storyboard */ = {
			isa = PBXVariantGroup;
			children = (
				76F9271C1F034834003B8CFF /* Base */,
			);
			name = LaunchScreen.storyboard;
			sourceTree = "<group>";
		};
/* End PBXVariantGroup section */

/* Begin XCBuildConfiguration section */
		76F927371F034834003B8CFF /* Debug */ = {
			isa = XCBuildConfiguration;
			buildSettings = {
				ALWAYS_SEARCH_USER_PATHS = NO;
				CLANG_ANALYZER_NONNULL = YES;
				CLANG_ANALYZER_NUMBER_OBJECT_CONVERSION = YES_AGGRESSIVE;
				CLANG_CXX_LANGUAGE_STANDARD = "gnu++14";
				CLANG_CXX_LIBRARY = "libc++";
				CLANG_ENABLE_MODULES = YES;
				CLANG_ENABLE_OBJC_ARC = YES;
				CLANG_WARN_BLOCK_CAPTURE_AUTORELEASING = YES;
				CLANG_WARN_BOOL_CONVERSION = YES;
				CLANG_WARN_COMMA = YES;
				CLANG_WARN_CONSTANT_CONVERSION = YES;
				CLANG_WARN_DIRECT_OBJC_ISA_USAGE = YES_ERROR;
				CLANG_WARN_DOCUMENTATION_COMMENTS = YES;
				CLANG_WARN_EMPTY_BODY = YES;
				CLANG_WARN_ENUM_CONVERSION = YES;
				CLANG_WARN_INFINITE_RECURSION = YES;
				CLANG_WARN_INT_CONVERSION = YES;
				CLANG_WARN_OBJC_ROOT_CLASS = YES_ERROR;
				CLANG_WARN_RANGE_LOOP_ANALYSIS = YES;
				CLANG_WARN_STRICT_PROTOTYPES = YES;
				CLANG_WARN_SUSPICIOUS_MOVE = YES;
				CLANG_WARN_UNGUARDED_AVAILABILITY = YES_AGGRESSIVE;
				CLANG_WARN_UNREACHABLE_CODE = YES;
				CLANG_WARN__DUPLICATE_METHOD_MATCH = YES;
				CODE_SIGN_IDENTITY = "iPhone Developer";
				COPY_PHASE_STRIP = NO;
				DEBUG_INFORMATION_FORMAT = dwarf;
				ENABLE_STRICT_OBJC_MSGSEND = YES;
				ENABLE_TESTABILITY = YES;
				GCC_C_LANGUAGE_STANDARD = gnu11;
				GCC_DYNAMIC_NO_PIC = NO;
				GCC_NO_COMMON_BLOCKS = YES;
				GCC_OPTIMIZATION_LEVEL = 0;
				GCC_PREPROCESSOR_DEFINITIONS = (
					"DEBUG=1",
					"$(inherited)",
				);
				GCC_WARN_64_TO_32_BIT_CONVERSION = YES;
				GCC_WARN_ABOUT_RETURN_TYPE = YES_ERROR;
				GCC_WARN_UNDECLARED_SELECTOR = YES;
				GCC_WARN_UNINITIALIZED_AUTOS = YES_AGGRESSIVE;
				GCC_WARN_UNUSED_FUNCTION = YES;
				GCC_WARN_UNUSED_VARIABLE = YES;
				IPHONEOS_DEPLOYMENT_TARGET = 11.0;
				MTL_ENABLE_DEBUG_INFO = YES;
				ONLY_ACTIVE_ARCH = YES;
				SDKROOT = iphoneos;
			};
			name = Debug;
		};
		76F927381F034834003B8CFF /* Release */ = {
			isa = XCBuildConfiguration;
			buildSettings = {
				ALWAYS_SEARCH_USER_PATHS = NO;
				CLANG_ANALYZER_NONNULL = YES;
				CLANG_ANALYZER_NUMBER_OBJECT_CONVERSION = YES_AGGRESSIVE;
				CLANG_CXX_LANGUAGE_STANDARD = "gnu++14";
				CLANG_CXX_LIBRARY = "libc++";
				CLANG_ENABLE_MODULES = YES;
				CLANG_ENABLE_OBJC_ARC = YES;
				CLANG_WARN_BLOCK_CAPTURE_AUTORELEASING = YES;
				CLANG_WARN_BOOL_CONVERSION = YES;
				CLANG_WARN_COMMA = YES;
				CLANG_WARN_CONSTANT_CONVERSION = YES;
				CLANG_WARN_DIRECT_OBJC_ISA_USAGE = YES_ERROR;
				CLANG_WARN_DOCUMENTATION_COMMENTS = YES;
				CLANG_WARN_EMPTY_BODY = YES;
				CLANG_WARN_ENUM_CONVERSION = YES;
				CLANG_WARN_INFINITE_RECURSION = YES;
				CLANG_WARN_INT_CONVERSION = YES;
				CLANG_WARN_OBJC_ROOT_CLASS = YES_ERROR;
				CLANG_WARN_RANGE_LOOP_ANALYSIS = YES;
				CLANG_WARN_STRICT_PROTOTYPES = YES;
				CLANG_WARN_SUSPICIOUS_MOVE = YES;
				CLANG_WARN_UNGUARDED_AVAILABILITY = YES_AGGRESSIVE;
				CLANG_WARN_UNREACHABLE_CODE = YES;
				CLANG_WARN__DUPLICATE_METHOD_MATCH = YES;
				CODE_SIGN_IDENTITY = "iPhone Developer";
				COPY_PHASE_STRIP = NO;
				DEBUG_INFORMATION_FORMAT = "dwarf-with-dsym";
				ENABLE_NS_ASSERTIONS = NO;
				ENABLE_STRICT_OBJC_MSGSEND = YES;
				GCC_C_LANGUAGE_STANDARD = gnu11;
				GCC_NO_COMMON_BLOCKS = YES;
				GCC_WARN_64_TO_32_BIT_CONVERSION = YES;
				GCC_WARN_ABOUT_RETURN_TYPE = YES_ERROR;
				GCC_WARN_UNDECLARED_SELECTOR = YES;
				GCC_WARN_UNINITIALIZED_AUTOS = YES_AGGRESSIVE;
				GCC_WARN_UNUSED_FUNCTION = YES;
				GCC_WARN_UNUSED_VARIABLE = YES;
				IPHONEOS_DEPLOYMENT_TARGET = 11.0;
				MTL_ENABLE_DEBUG_INFO = NO;
				SDKROOT = iphoneos;
				VALIDATE_PRODUCT = YES;
			};
			name = Release;
		};
		76F9273A1F034834003B8CFF /* Debug */ = {
			isa = XCBuildConfiguration;
			buildSettings = {
				ASSETCATALOG_COMPILER_APPICON_NAME = AppIcon;
				INFOPLIST_FILE = SDWebImage4.0/Info.plist;
				LD_RUNPATH_SEARCH_PATHS = "$(inherited) @executable_path/Frameworks";
				PRODUCT_BUNDLE_IDENTIFIER = "com.kipo.SDWebImage4-0";
				PRODUCT_NAME = "$(TARGET_NAME)";
				TARGETED_DEVICE_FAMILY = "1,2";
			};
			name = Debug;
		};
		76F9273B1F034834003B8CFF /* Release */ = {
			isa = XCBuildConfiguration;
			buildSettings = {
				ASSETCATALOG_COMPILER_APPICON_NAME = AppIcon;
				INFOPLIST_FILE = SDWebImage4.0/Info.plist;
				LD_RUNPATH_SEARCH_PATHS = "$(inherited) @executable_path/Frameworks";
				PRODUCT_BUNDLE_IDENTIFIER = "com.kipo.SDWebImage4-0";
				PRODUCT_NAME = "$(TARGET_NAME)";
				TARGETED_DEVICE_FAMILY = "1,2";
			};
			name = Release;
		};
		76F9273D1F034834003B8CFF /* Debug */ = {
			isa = XCBuildConfiguration;
			buildSettings = {
				BUNDLE_LOADER = "$(TEST_HOST)";
				INFOPLIST_FILE = SDWebImage4.0Tests/Info.plist;
				LD_RUNPATH_SEARCH_PATHS = "$(inherited) @executable_path/Frameworks @loader_path/Frameworks";
				PRODUCT_BUNDLE_IDENTIFIER = "com.kipo.SDWebImage4-0Tests";
				PRODUCT_NAME = "$(TARGET_NAME)";
				TARGETED_DEVICE_FAMILY = "1,2";
				TEST_HOST = "$(BUILT_PRODUCTS_DIR)/SDWebImage4.0.app/SDWebImage4.0";
			};
			name = Debug;
		};
		76F9273E1F034834003B8CFF /* Release */ = {
			isa = XCBuildConfiguration;
			buildSettings = {
				BUNDLE_LOADER = "$(TEST_HOST)";
				INFOPLIST_FILE = SDWebImage4.0Tests/Info.plist;
				LD_RUNPATH_SEARCH_PATHS = "$(inherited) @executable_path/Frameworks @loader_path/Frameworks";
				PRODUCT_BUNDLE_IDENTIFIER = "com.kipo.SDWebImage4-0Tests";
				PRODUCT_NAME = "$(TARGET_NAME)";
				TARGETED_DEVICE_FAMILY = "1,2";
				TEST_HOST = "$(BUILT_PRODUCTS_DIR)/SDWebImage4.0.app/SDWebImage4.0";
			};
			name = Release;
		};
		76F927401F034834003B8CFF /* Debug */ = {
			isa = XCBuildConfiguration;
			buildSettings = {
				INFOPLIST_FILE = SDWebImage4.0UITests/Info.plist;
				LD_RUNPATH_SEARCH_PATHS = "$(inherited) @executable_path/Frameworks @loader_path/Frameworks";
				PRODUCT_BUNDLE_IDENTIFIER = "com.kipo.SDWebImage4-0UITests";
				PRODUCT_NAME = "$(TARGET_NAME)";
				TARGETED_DEVICE_FAMILY = "1,2";
				TEST_TARGET_NAME = SDWebImage4.0;
			};
			name = Debug;
		};
		76F927411F034834003B8CFF /* Release */ = {
			isa = XCBuildConfiguration;
			buildSettings = {
				INFOPLIST_FILE = SDWebImage4.0UITests/Info.plist;
				LD_RUNPATH_SEARCH_PATHS = "$(inherited) @executable_path/Frameworks @loader_path/Frameworks";
				PRODUCT_BUNDLE_IDENTIFIER = "com.kipo.SDWebImage4-0UITests";
				PRODUCT_NAME = "$(TARGET_NAME)";
				TARGETED_DEVICE_FAMILY = "1,2";
				TEST_TARGET_NAME = SDWebImage4.0;
			};
			name = Release;
		};
/* End XCBuildConfiguration section */

/* Begin XCConfigurationList section */
		76F927081F034834003B8CFF /* Build configuration list for PBXProject "SDWebImage4.0" */ = {
			isa = XCConfigurationList;
			buildConfigurations = (
				76F927371F034834003B8CFF /* Debug */,
				76F927381F034834003B8CFF /* Release */,
			);
			defaultConfigurationIsVisible = 0;
			defaultConfigurationName = Release;
		};
		76F927391F034834003B8CFF /* Build configuration list for PBXNativeTarget "SDWebImage4.0" */ = {
			isa = XCConfigurationList;
			buildConfigurations = (
				76F9273A1F034834003B8CFF /* Debug */,
				76F9273B1F034834003B8CFF /* Release */,
			);
			defaultConfigurationIsVisible = 0;
			defaultConfigurationName = Release;
		};
		76F9273C1F034834003B8CFF /* Build configuration list for PBXNativeTarget "SDWebImage4.0Tests" */ = {
			isa = XCConfigurationList;
			buildConfigurations = (
				76F9273D1F034834003B8CFF /* Debug */,
				76F9273E1F034834003B8CFF /* Release */,
			);
			defaultConfigurationIsVisible = 0;
			defaultConfigurationName = Release;
		};
		76F9273F1F034834003B8CFF /* Build configuration list for PBXNativeTarget "SDWebImage4.0UITests" */ = {
			isa = XCConfigurationList;
			buildConfigurations = (
				76F927401F034834003B8CFF /* Debug */,
				76F927411F034834003B8CFF /* Release */,
			);
			defaultConfigurationIsVisible = 0;
			defaultConfigurationName = Release;
		};
/* End XCConfigurationList section */
	};
	rootObject = 76F927051F034834003B8CFF /* Project object */;
}
